
Microsoft Visual Studio Solution File, Format Version 12.00
# Visual Studio Version 17
VisualStudioVersion = 17.5.33516.290
MinimumVisualStudioVersion = 10.0.40219.1
Project("{8BC9CEB8-8B4A-11D0-8D11-00A0C91BC942}") = "Lesson_01_Sort", "Lesson_01_Sort\Lesson_01_Sort.vcxproj", "{34CB4EBA-D78E-4D2B-BB9F-EE2C49019658}"
EndProject
Project("{8BC9CEB8-8B4A-11D0-8D11-00A0C91BC942}") = "Lesson_02_BigNum", "Lesson_02_BigNum\Lesson_02_BigNum.vcxproj", "{848F50B0-C5CF-43AE-B37B-008E64C70F4C}"
EndProject
Global
	GlobalSection(SolutionConfigurationPlatforms) = preSolution
		Debug|x64 = Debug|x64
		Debug|x86 = Debug|x86
		Release|x64 = Release|x64
		Release|x86 = Release|x86
	EndGlobalSection
	GlobalSection(ProjectConfigurationPlatforms) = postSolution
		{34CB4EBA-D78E-4D2B-BB9F-EE2C49019658}.Debug|x64.ActiveCfg = Debug|x64
		{34CB4EBA-D78E-4D2B-BB9F-EE2C49019658}.Debug|x64.Build.0 = Debug|x64
		{34CB4EBA-D78E-4D2B-BB9F-EE2C49019658}.Debug|x86.ActiveCfg = Debug|Win32
		{34CB4EBA-D78E-4D2B-BB9F-EE2C49019658}.Debug|x86.Build.0 = Debug|Win32
		{34CB4EBA-D78E-4D2B-BB9F-EE2C49019658}.Release|x64.ActiveCfg = Release|x64
		{34CB4EBA-D78E-4D2B-BB9F-EE2C49019658}.Release|x64.Build.0 = Release|x64
		{34CB4EBA-D78E-4D2B-BB9F-EE2C49019658}.Release|x86.ActiveCfg = Release|Win32
		{34CB4EBA-D78E-4D2B-BB9F-EE2C49019658}.Release|x86.Build.0 = Release|Win32
		{848F50B0-C5CF-43AE-B37B-008E64C70F4C}.Debug|x64.ActiveCfg = Debug|x64
		{848F50B0-C5CF-43AE-B37B-008E64C70F4C}.Debug|x64.Build.0 = Debug|x64
		{848F50B0-C5CF-43AE-B37B-008E64C70F4C}.Debug|x86.ActiveCfg = Debug|Win32
		{848F50B0-C5CF-43AE-B37B-008E64C70F4C}.Debug|x86.Build.0 = Debug|Win32
		{848F50B0-C5CF-43AE-B37B-008E64C70F4C}.Release|x64.ActiveCfg = Release|x64
		{848F50B0-C5CF-43AE-B37B-008E64C70F4C}.Release|x64.Build.0 = Release|x64
		{848F50B0-C5CF-43AE-B37B-008E64C70F4C}.Release|x86.ActiveCfg = Release|Win32
		{848F50B0-C5CF-43AE-B37B-008E64C70F4C}.Release|x86.Build.0 = Release|Win32
	EndGlobalSection
	GlobalSection(SolutionProperties) = preSolution
		HideSolutionNode = FALSE
	EndGlobalSection
	GlobalSection(ExtensibilityGlobals) = postSolution
		SolutionGuid = {6F675374-3CE3-4A0D-A356-418979AF6C6B}
	EndGlobalSection
EndGlobal
